
Microsoft Visual Studio Solution File, Format Version 12.00
# Visual Studio Version 17
VisualStudioVersion = 17.0.31919.166
MinimumVisualStudioVersion = 10.0.40219.1
Project("{FAE04EC0-301F-11D3-BF4B-00C04F79EFBC}") = "AntiAfkKick-Standalone", "AntiAfkKick-Standalone.csproj", "{F15D6CA9-CEE5-4FC7-A7A1-87C70DBBC6FD}"
EndProject
Project("{840C416C-B8F3-42BC-B0DD-F6BB14C9F8CB}") = "AntiAFKKick", "..\AntiAFKKick\AntiAFKKick.aiproj", "{23C41FD2-6B37-4C6D-A64D-319965FC806F}"
EndProject
Global
	GlobalSection(SolutionConfigurationPlatforms) = preSolution
		All|Any CPU = All|Any CPU
		Debug|Any CPU = Debug|Any CPU
		Release|Any CPU = Release|Any CPU
	EndGlobalSection
	GlobalSection(ProjectConfigurationPlatforms) = postSolution
		{F15D6CA9-CEE5-4FC7-A7A1-87C70DBBC6FD}.All|Any CPU.ActiveCfg = Release|Any CPU
		{F15D6CA9-CEE5-4FC7-A7A1-87C70DBBC6FD}.All|Any CPU.Build.0 = Release|Any CPU
		{F15D6CA9-CEE5-4FC7-A7A1-87C70DBBC6FD}.Debug|Any CPU.ActiveCfg = Debug|Any CPU
		{F15D6CA9-CEE5-4FC7-A7A1-87C70DBBC6FD}.Debug|Any CPU.Build.0 = Debug|Any CPU
		{F15D6CA9-CEE5-4FC7-A7A1-87C70DBBC6FD}.Release|Any CPU.ActiveCfg = Release|Any CPU
		{F15D6CA9-CEE5-4FC7-A7A1-87C70DBBC6FD}.Release|Any CPU.Build.0 = Release|Any CPU
		{23C41FD2-6B37-4C6D-A64D-319965FC806F}.All|Any CPU.ActiveCfg = DefaultBuild
		{23C41FD2-6B37-4C6D-A64D-319965FC806F}.Debug|Any CPU.ActiveCfg = DefaultBuild
		{23C41FD2-6B37-4C6D-A64D-319965FC806F}.Release|Any CPU.ActiveCfg = DefaultBuild
	EndGlobalSection
	GlobalSection(SolutionProperties) = preSolution
		HideSolutionNode = FALSE
	EndGlobalSection
	GlobalSection(ExtensibilityGlobals) = postSolution
		SolutionGuid = {B21637E6-EBF0-47B6-8779-BF31B04F3362}
	EndGlobalSection
EndGlobal
